
Microsoft Visual Studio Solution File, Format Version 12.00
# Visual Studio Version 17
VisualStudioVersion = 17.0.32126.317
MinimumVisualStudioVersion = 10.0.40219.1
Project("{8BC9CEB8-8B4A-11D0-8D11-00A0C91BC942}") = "1.数组", "1.数组\1.数组.vcxproj", "{A1CFC49E-3CE2-4378-BE48-F8110F4E4620}"
EndProject
Project("{8BC9CEB8-8B4A-11D0-8D11-00A0C91BC942}") = "2.指针", "2.指针\2.指针.vcxproj", "{634D4C92-F531-4676-B6EA-F9A6A71C7479}"
EndProject
Global
	GlobalSection(SolutionConfigurationPlatforms) = preSolution
		Debug|x64 = Debug|x64
		Debug|x86 = Debug|x86
		Release|x64 = Release|x64
		Release|x86 = Release|x86
	EndGlobalSection
	GlobalSection(ProjectConfigurationPlatforms) = postSolution
		{A1CFC49E-3CE2-4378-BE48-F8110F4E4620}.Debug|x64.ActiveCfg = Debug|x64
		{A1CFC49E-3CE2-4378-BE48-F8110F4E4620}.Debug|x64.Build.0 = Debug|x64
		{A1CFC49E-3CE2-4378-BE48-F8110F4E4620}.Debug|x86.ActiveCfg = Debug|Win32
		{A1CFC49E-3CE2-4378-BE48-F8110F4E4620}.Debug|x86.Build.0 = Debug|Win32
		{A1CFC49E-3CE2-4378-BE48-F8110F4E4620}.Release|x64.ActiveCfg = Release|x64
		{A1CFC49E-3CE2-4378-BE48-F8110F4E4620}.Release|x64.Build.0 = Release|x64
		{A1CFC49E-3CE2-4378-BE48-F8110F4E4620}.Release|x86.ActiveCfg = Release|Win32
		{A1CFC49E-3CE2-4378-BE48-F8110F4E4620}.Release|x86.Build.0 = Release|Win32
		{634D4C92-F531-4676-B6EA-F9A6A71C7479}.Debug|x64.ActiveCfg = Debug|x64
		{634D4C92-F531-4676-B6EA-F9A6A71C7479}.Debug|x64.Build.0 = Debug|x64
		{634D4C92-F531-4676-B6EA-F9A6A71C7479}.Debug|x86.ActiveCfg = Debug|Win32
		{634D4C92-F531-4676-B6EA-F9A6A71C7479}.Debug|x86.Build.0 = Debug|Win32
		{634D4C92-F531-4676-B6EA-F9A6A71C7479}.Release|x64.ActiveCfg = Release|x64
		{634D4C92-F531-4676-B6EA-F9A6A71C7479}.Release|x64.Build.0 = Release|x64
		{634D4C92-F531-4676-B6EA-F9A6A71C7479}.Release|x86.ActiveCfg = Release|Win32
		{634D4C92-F531-4676-B6EA-F9A6A71C7479}.Release|x86.Build.0 = Release|Win32
	EndGlobalSection
	GlobalSection(SolutionProperties) = preSolution
		HideSolutionNode = FALSE
	EndGlobalSection
	GlobalSection(ExtensibilityGlobals) = postSolution
		SolutionGuid = {B5F4C907-0D6B-4C3C-9C2A-C6054984ABC4}
	EndGlobalSection
EndGlobal
